{
  "name": "d6pack",
  "version": "1.0.0",
  "lockfileVersion": 3,
  "requires": true,
  "packages": {
    "": {
      "name": "d6pack",
      "version": "1.0.0",
      "license": "ISC",
      "dependencies": {
        "cald6": "^1.0.0",
        "dhanu_npm_package": "^1.0.0"
      },
      "devDependencies": {}
    },
    "../../../../AppData/Roaming/npm/node_modules/cald6": {
      "version": "1.0.0",
      "license": "ISC"
    },
    "../../../../AppData/Roaming/npm/node_modules/d6pack": {
      "version": "1.0.0",
      "extraneous": true,
      "license": "ISC",
      "dependencies": {
        "cald6": "^1.0.0"
      },
      "devDependencies": {}
    },
    "node_modules/cald6": {
      "resolved": "../../../../AppData/Roaming/npm/node_modules/cald6",
      "link": true
    },
    "node_modules/dhanu_npm_package": {
      "version": "1.0.0",
      "resolved": "https://registry.npmjs.org/dhanu_npm_package/-/dhanu_npm_package-1.0.0.tgz",
      "integrity": "sha512-WByaAYBoMyMDvjDfH2HQkLsvP/TudyYrEDzr4ihtAnRMk4yW4He1XFp+HkXp0rHeLC8QFF172MqcW1Ffzyz9GQ==",
      "license": "ISC"
    }
  }
}
